# THIS IS AN AUTOGENERATED FILE. DO NOT EDIT THIS FILE DIRECTLY.
# yarn lockfile v1


"@splidejs/splide@^3.6.4":
  version "3.6.4"
  resolved "https://registry.yarnpkg.com/@splidejs/splide/-/splide-3.6.4.tgz#5734e17319de87bb6b472a62ae20130c4cfa462d"
  integrity sha512-GKJ8/0+FPRwYf5zIaRcCnCGJFduMU8hEfxQ0o2j/QKfN+UFiUJOKJ1VFeDO2kL+hNmvxY5cP43mwzlncSEwDzg==

animate.css@^4.1.1:
  version "4.1.1"
  resolved "https://registry.yarnpkg.com/animate.css/-/animate.css-4.1.1.tgz#614ec5a81131d7e4dc362a58143f7406abd68075"
  integrity sha512-+mRmCTv6SbCmtYJCN4faJMNFVNN5EuCTTprDTAo7YzIGji2KADmakjVA3+8mVDkZ2Bf09vayB35lSQIex2+QaQ==
